{
  "name": "Wad-Lab-ProblemStatements",
  "lockfileVersion": 3,
  "requires": true,
  "packages": {
    "": {
      "dependencies": {
        "devcodes": "^1.0.0"
      }
    },
    "node_modules/devcodes": {
      "version": "1.0.0",
      "resolved": "https://registry.npmjs.org/devcodes/-/devcodes-1.0.0.tgz",
      "integrity": "sha512-WbRb6TNFpOQy1B4AWChl5bvlsp7cesRHjgY8cWb8cJzh25QmTmsI9gyZicPGpuJASs5g8+SuP/677UGlaBOMow=="
    }
  }
}
